
Microsoft Visual Studio Solution File, Format Version 12.00
# Visual Studio Version 17
VisualStudioVersion = 17.1.32228.430
MinimumVisualStudioVersion = 10.0.40219.1
Project("{FAE04EC0-301F-11D3-BF4B-00C04F79EFBC}") = "My-kursovaya-wpf", "My-kursovaya-wpf\My-kursovaya-wpf.csproj", "{95168CE2-F6D6-40EF-9D64-B786922C1A59}"
EndProject
Global
	GlobalSection(SolutionConfigurationPlatforms) = preSolution
		Debug|Any CPU = Debug|Any CPU
		Release|Any CPU = Release|Any CPU
	EndGlobalSection
	GlobalSection(ProjectConfigurationPlatforms) = postSolution
		{95168CE2-F6D6-40EF-9D64-B786922C1A59}.Debug|Any CPU.ActiveCfg = Debug|Any CPU
		{95168CE2-F6D6-40EF-9D64-B786922C1A59}.Debug|Any CPU.Build.0 = Debug|Any CPU
		{95168CE2-F6D6-40EF-9D64-B786922C1A59}.Release|Any CPU.ActiveCfg = Release|Any CPU
		{95168CE2-F6D6-40EF-9D64-B786922C1A59}.Release|Any CPU.Build.0 = Release|Any CPU
	EndGlobalSection
	GlobalSection(SolutionProperties) = preSolution
		HideSolutionNode = FALSE
	EndGlobalSection
	GlobalSection(ExtensibilityGlobals) = postSolution
		SolutionGuid = {5A212F41-6C21-40E7-BD3C-DA13B6BA1A41}
	EndGlobalSection
EndGlobal
